
Microsoft Visual Studio Solution File, Format Version 12.00
# Visual Studio Version 16
VisualStudioVersion = 16.0.29806.167
MinimumVisualStudioVersion = 10.0.40219.1
Project("{9A19103F-16F7-4668-BE54-9A1E7A4F7556}") = "WebSocketServer", "WebSocketServer\WebSocketServer.csproj", "{75B02E3A-CD5F-4770-B7F7-4B899E80EF2D}"
EndProject
Project("{9A19103F-16F7-4668-BE54-9A1E7A4F7556}") = "API", "API\API.csproj", "{7AE809FB-F1CA-4CFA-9C0A-F2CC517B8D7B}"
EndProject
Project("{9A19103F-16F7-4668-BE54-9A1E7A4F7556}") = "SharedResourcesTests", "BackendTests\SharedResourcesTests.csproj", "{B87608AD-5497-4799-AB5F-CAA5AD831F57}"
EndProject
Project("{9A19103F-16F7-4668-BE54-9A1E7A4F7556}") = "FileBuddyUI", "FileBuddyUI\FileBuddyUI.csproj", "{311A9C8D-79CC-40E2-9CAE-8BC4325A739B}"
EndProject
Project("{9A19103F-16F7-4668-BE54-9A1E7A4F7556}") = "SharedResources", "SharedResources\SharedResources.csproj", "{18EF5CD3-4228-406D-80E9-31011DDD1810}"
EndProject
Project("{9A19103F-16F7-4668-BE54-9A1E7A4F7556}") = "WebSocketServerUI", "WebSocketServerUI\WebSocketServerUI.csproj", "{F24D51BB-E3C2-47B7-B545-C2EA8D0CF406}"
EndProject
Project("{2150E333-8FDC-42A3-9474-1A3956D46DE8}") = "Tests", "Tests", "{7B051F95-CC90-4C0A-A851-E3A4E6568DC0}"
EndProject
Global
	GlobalSection(SolutionConfigurationPlatforms) = preSolution
		Debug|Any CPU = Debug|Any CPU
		Release|Any CPU = Release|Any CPU
	EndGlobalSection
	GlobalSection(ProjectConfigurationPlatforms) = postSolution
		{75B02E3A-CD5F-4770-B7F7-4B899E80EF2D}.Debug|Any CPU.ActiveCfg = Debug|Any CPU
		{75B02E3A-CD5F-4770-B7F7-4B899E80EF2D}.Debug|Any CPU.Build.0 = Debug|Any CPU
		{75B02E3A-CD5F-4770-B7F7-4B899E80EF2D}.Release|Any CPU.ActiveCfg = Release|Any CPU
		{75B02E3A-CD5F-4770-B7F7-4B899E80EF2D}.Release|Any CPU.Build.0 = Release|Any CPU
		{7AE809FB-F1CA-4CFA-9C0A-F2CC517B8D7B}.Debug|Any CPU.ActiveCfg = Debug|Any CPU
		{7AE809FB-F1CA-4CFA-9C0A-F2CC517B8D7B}.Debug|Any CPU.Build.0 = Debug|Any CPU
		{7AE809FB-F1CA-4CFA-9C0A-F2CC517B8D7B}.Release|Any CPU.ActiveCfg = Release|Any CPU
		{7AE809FB-F1CA-4CFA-9C0A-F2CC517B8D7B}.Release|Any CPU.Build.0 = Release|Any CPU
		{B87608AD-5497-4799-AB5F-CAA5AD831F57}.Debug|Any CPU.ActiveCfg = Debug|Any CPU
		{B87608AD-5497-4799-AB5F-CAA5AD831F57}.Debug|Any CPU.Build.0 = Debug|Any CPU
		{B87608AD-5497-4799-AB5F-CAA5AD831F57}.Release|Any CPU.ActiveCfg = Release|Any CPU
		{B87608AD-5497-4799-AB5F-CAA5AD831F57}.Release|Any CPU.Build.0 = Release|Any CPU
		{311A9C8D-79CC-40E2-9CAE-8BC4325A739B}.Debug|Any CPU.ActiveCfg = Debug|Any CPU
		{311A9C8D-79CC-40E2-9CAE-8BC4325A739B}.Debug|Any CPU.Build.0 = Debug|Any CPU
		{311A9C8D-79CC-40E2-9CAE-8BC4325A739B}.Release|Any CPU.ActiveCfg = Release|Any CPU
		{311A9C8D-79CC-40E2-9CAE-8BC4325A739B}.Release|Any CPU.Build.0 = Release|Any CPU
		{18EF5CD3-4228-406D-80E9-31011DDD1810}.Debug|Any CPU.ActiveCfg = Debug|Any CPU
		{18EF5CD3-4228-406D-80E9-31011DDD1810}.Debug|Any CPU.Build.0 = Debug|Any CPU
		{18EF5CD3-4228-406D-80E9-31011DDD1810}.Release|Any CPU.ActiveCfg = Release|Any CPU
		{18EF5CD3-4228-406D-80E9-31011DDD1810}.Release|Any CPU.Build.0 = Release|Any CPU
		{F24D51BB-E3C2-47B7-B545-C2EA8D0CF406}.Debug|Any CPU.ActiveCfg = Debug|Any CPU
		{F24D51BB-E3C2-47B7-B545-C2EA8D0CF406}.Debug|Any CPU.Build.0 = Debug|Any CPU
		{F24D51BB-E3C2-47B7-B545-C2EA8D0CF406}.Release|Any CPU.ActiveCfg = Release|Any CPU
		{F24D51BB-E3C2-47B7-B545-C2EA8D0CF406}.Release|Any CPU.Build.0 = Release|Any CPU
	EndGlobalSection
	GlobalSection(SolutionProperties) = preSolution
		HideSolutionNode = FALSE
	EndGlobalSection
	GlobalSection(NestedProjects) = preSolution
		{B87608AD-5497-4799-AB5F-CAA5AD831F57} = {7B051F95-CC90-4C0A-A851-E3A4E6568DC0}
	EndGlobalSection
	GlobalSection(ExtensibilityGlobals) = postSolution
		SolutionGuid = {B8B7CC44-0750-4DAD-B5DA-2BECA5FA16A8}
	EndGlobalSection
EndGlobal
